// !$*UTF8*$!
{
	archiveVersion = 1;
	classes = {
	};
	objectVersion = 77;
	objects = {

/* Begin PBXContainerItemProxy section */
		CA40A4F52E5D3BC700CB4907 /* PBXContainerItemProxy */ = {
			isa = PBXContainerItemProxy;
			containerPortal = CA44963F2E44323D00FE005D /* Project object */;
			proxyType = 1;
			remoteGlobalIDString = CA4496462E44323D00FE005D;
			remoteInfo = "MDI105-class1";
		};
		CA40A5022E5D3BE000CB4907 /* PBXContainerItemProxy */ = {
			isa = PBXContainerItemProxy;
			containerPortal = CA44963F2E44323D00FE005D /* Project object */;
			proxyType = 1;
			remoteGlobalIDString = CA4496462E44323D00FE005D;
			remoteInfo = "MDI105-class1";
		};
		CA40A50F2E5D3C0C00CB4907 /* PBXContainerItemProxy */ = {
			isa = PBXContainerItemProxy;
			containerPortal = CA44963F2E44323D00FE005D /* Project object */;
			proxyType = 1;
			remoteGlobalIDString = CA4496462E44323D00FE005D;
			remoteInfo = "MDI105-class1";
		};
/* End PBXContainerItemProxy section */

/* Begin PBXFileReference section */
		CA40A4EF2E5D3BC700CB4907 /* MDI105-class1UITests.xctest */ = {isa = PBXFileReference; explicitFileType = wrapper.cfbundle; includeInIndex = 0; path = "MDI105-class1UITests.xctest"; sourceTree = BUILT_PRODUCTS_DIR; };
		CA40A4FE2E5D3BE000CB4907 /* MDI105-class1UnitTests.xctest */ = {isa = PBXFileReference; explicitFileType = wrapper.cfbundle; includeInIndex = 0; path = "MDI105-class1UnitTests.xctest"; sourceTree = BUILT_PRODUCTS_DIR; };
		CA40A50B2E5D3C0C00CB4907 /* MDI105-class1UnitTestingBundle.xctest */ = {isa = PBXFileReference; explicitFileType = wrapper.cfbundle; includeInIndex = 0; path = "MDI105-class1UnitTestingBundle.xctest"; sourceTree = BUILT_PRODUCTS_DIR; };
		CA4496472E44323D00FE005D /* MDI105-class1.app */ = {isa = PBXFileReference; explicitFileType = wrapper.application; includeInIndex = 0; path = "MDI105-class1.app"; sourceTree = BUILT_PRODUCTS_DIR; };
/* End PBXFileReference section */

/* Begin PBXFileSystemSynchronizedRootGroup section */
		CA40A4F02E5D3BC700CB4907 /* MDI105-class1UITests */ = {
			isa = PBXFileSystemSynchronizedRootGroup;
			path = "MDI105-class1UITests";
			sourceTree = "<group>";
		};
		CA40A50C2E5D3C0C00CB4907 /* MDI105-class1UnitTestingBundle */ = {
			isa = PBXFileSystemSynchronizedRootGroup;
			path = "MDI105-class1UnitTestingBundle";
			sourceTree = "<group>";
		};
		CA40A51D2E5D463A00CB4907 /* MDI105_class1_demotests */ = {
			isa = PBXFileSystemSynchronizedRootGroup;
			path = MDI105_class1_demotests;
			sourceTree = "<group>";
		};
		CA4496492E44323D00FE005D /* MDI105-class1 */ = {
			isa = PBXFileSystemSynchronizedRootGroup;
			path = "MDI105-class1";
			sourceTree = "<group>";
		};
/* End PBXFileSystemSynchronizedRootGroup section */

/* Begin PBXFrameworksBuildPhase section */
		CA40A4EC2E5D3BC700CB4907 /* Frameworks */ = {
			isa = PBXFrameworksBuildPhase;
			buildActionMask = 2147483647;
			files = (
			);
			runOnlyForDeploymentPostprocessing = 0;
		};
		CA40A4FB2E5D3BE000CB4907 /* Frameworks */ = {
			isa = PBXFrameworksBuildPhase;
			buildActionMask = 2147483647;
			files = (
			);
			runOnlyForDeploymentPostprocessing = 0;
		};
		CA40A5082E5D3C0C00CB4907 /* Frameworks */ = {
			isa = PBXFrameworksBuildPhase;
			buildActionMask = 2147483647;
			files = (
			);
			runOnlyForDeploymentPostprocessing = 0;
		};
		CA4496442E44323D00FE005D /* Frameworks */ = {
			isa = PBXFrameworksBuildPhase;
			buildActionMask = 2147483647;
			files = (
			);
			runOnlyForDeploymentPostprocessing = 0;
		};
/* End PBXFrameworksBuildPhase section */

/* Begin PBXGroup section */
		CA44963E2E44323D00FE005D = {
			isa = PBXGroup;
			children = (
				CA4496492E44323D00FE005D /* MDI105-class1 */,
				CA40A4F02E5D3BC700CB4907 /* MDI105-class1UITests */,
				CA40A50C2E5D3C0C00CB4907 /* MDI105-class1UnitTestingBundle */,
				CA4496482E44323D00FE005D /* Products */,
				CA40A51D2E5D463A00CB4907 /* MDI105_class1_demotests */,
			);
			sourceTree = "<group>";
		};
		CA4496482E44323D00FE005D /* Products */ = {
			isa = PBXGroup;
			children = (
				CA4496472E44323D00FE005D /* MDI105-class1.app */,
				CA40A4EF2E5D3BC700CB4907 /* MDI105-class1UITests.xctest */,
				CA40A4FE2E5D3BE000CB4907 /* MDI105-class1UnitTests.xctest */,
				CA40A50B2E5D3C0C00CB4907 /* MDI105-class1UnitTestingBundle.xctest */,
			);
			name = Products;
			sourceTree = "<group>";
		};
/* End PBXGroup section */

/* Begin PBXNativeTarget section */
		CA40A4EE2E5D3BC700CB4907 /* MDI105-class1UITests */ = {
			isa = PBXNativeTarget;
			buildConfigurationList = CA40A4F92E5D3BC700CB4907 /* Build configuration list for PBXNativeTarget "MDI105-class1UITests" */;
			buildPhases = (
				CA40A4EB2E5D3BC700CB4907 /* Sources */,
				CA40A4EC2E5D3BC700CB4907 /* Frameworks */,
				CA40A4ED2E5D3BC700CB4907 /* Resources */,
			);
			buildRules = (
			);
			dependencies = (
				CA40A4F62E5D3BC700CB4907 /* PBXTargetDependency */,
			);
			fileSystemSynchronizedGroups = (
				CA40A4F02E5D3BC700CB4907 /* MDI105-class1UITests */,
				CA40A51D2E5D463A00CB4907 /* MDI105_class1_demotests */,
			);
			name = "MDI105-class1UITests";
			packageProductDependencies = (
			);
			productName = "MDI105-class1UITests";
			productReference = CA40A4EF2E5D3BC700CB4907 /* MDI105-class1UITests.xctest */;
			productType = "com.apple.product-type.bundle.ui-testing";
		};
		CA40A4FD2E5D3BE000CB4907 /* MDI105-class1UnitTests */ = {
			isa = PBXNativeTarget;
			buildConfigurationList = CA40A5042E5D3BE000CB4907 /* Build configuration list for PBXNativeTarget "MDI105-class1UnitTests" */;
			buildPhases = (
				CA40A4FA2E5D3BE000CB4907 /* Sources */,
				CA40A4FB2E5D3BE000CB4907 /* Frameworks */,
				CA40A4FC2E5D3BE000CB4907 /* Resources */,
			);
			buildRules = (
			);
			dependencies = (
				CA40A5032E5D3BE000CB4907 /* PBXTargetDependency */,
			);
			name = "MDI105-class1UnitTests";
			packageProductDependencies = (
			);
			productName = "MDI105-class1UnitTests";
			productReference = CA40A4FE2E5D3BE000CB4907 /* MDI105-class1UnitTests.xctest */;
			productType = "com.apple.product-type.bundle.unit-test";
		};
		CA40A50A2E5D3C0C00CB4907 /* MDI105-class1UnitTestingBundle */ = {
			isa = PBXNativeTarget;
			buildConfigurationList = CA40A5112E5D3C0C00CB4907 /* Build configuration list for PBXNativeTarget "MDI105-class1UnitTestingBundle" */;
			buildPhases = (
				CA40A5072E5D3C0C00CB4907 /* Sources */,
				CA40A5082E5D3C0C00CB4907 /* Frameworks */,
				CA40A5092E5D3C0C00CB4907 /* Resources */,
			);
			buildRules = (
			);
			dependencies = (
				CA40A5102E5D3C0C00CB4907 /* PBXTargetDependency */,
			);
			fileSystemSynchronizedGroups = (
				CA40A50C2E5D3C0C00CB4907 /* MDI105-class1UnitTestingBundle */,
			);
			name = "MDI105-class1UnitTestingBundle";
			packageProductDependencies = (
			);
			productName = "MDI105-class1UnitTestingBundle";
			productReference = CA40A50B2E5D3C0C00CB4907 /* MDI105-class1UnitTestingBundle.xctest */;
			productType = "com.apple.product-type.bundle.unit-test";
		};
		CA4496462E44323D00FE005D /* MDI105-class1 */ = {
			isa = PBXNativeTarget;
			buildConfigurationList = CA4496522E44323E00FE005D /* Build configuration list for PBXNativeTarget "MDI105-class1" */;
			buildPhases = (
				CA4496432E44323D00FE005D /* Sources */,
				CA4496442E44323D00FE005D /* Frameworks */,
				CA4496452E44323D00FE005D /* Resources */,
			);
			buildRules = (
			);
			dependencies = (
			);
			fileSystemSynchronizedGroups = (
				CA4496492E44323D00FE005D /* MDI105-class1 */,
			);
			name = "MDI105-class1";
			packageProductDependencies = (
			);
			productName = "MDI105-class1";
			productReference = CA4496472E44323D00FE005D /* MDI105-class1.app */;
			productType = "com.apple.product-type.application";
		};
/* End PBXNativeTarget section */

/* Begin PBXProject section */
		CA44963F2E44323D00FE005D /* Project object */ = {
			isa = PBXProject;
			attributes = {
				BuildIndependentTargetsInParallel = 1;
				LastSwiftUpdateCheck = 1640;
				LastUpgradeCheck = 1640;
				TargetAttributes = {
					CA40A4EE2E5D3BC700CB4907 = {
						CreatedOnToolsVersion = 16.4;
						TestTargetID = CA4496462E44323D00FE005D;
					};
					CA40A4FD2E5D3BE000CB4907 = {
						CreatedOnToolsVersion = 16.4;
						TestTargetID = CA4496462E44323D00FE005D;
					};
					CA40A50A2E5D3C0C00CB4907 = {
						CreatedOnToolsVersion = 16.4;
						TestTargetID = CA4496462E44323D00FE005D;
					};
					CA4496462E44323D00FE005D = {
						CreatedOnToolsVersion = 16.4;
					};
				};
			};
			buildConfigurationList = CA4496422E44323D00FE005D /* Build configuration list for PBXProject "MDI105-class1" */;
			developmentRegion = en;
			hasScannedForEncodings = 0;
			knownRegions = (
				en,
				Base,
			);
			mainGroup = CA44963E2E44323D00FE005D;
			minimizedProjectReferenceProxies = 1;
			preferredProjectObjectVersion = 77;
			productRefGroup = CA4496482E44323D00FE005D /* Products */;
			projectDirPath = "";
			projectRoot = "";
			targets = (
				CA4496462E44323D00FE005D /* MDI105-class1 */,
				CA40A4EE2E5D3BC700CB4907 /* MDI105-class1UITests */,
				CA40A4FD2E5D3BE000CB4907 /* MDI105-class1UnitTests */,
				CA40A50A2E5D3C0C00CB4907 /* MDI105-class1UnitTestingBundle */,
			);
		};
/* End PBXProject section */

/* Begin PBXResourcesBuildPhase section */
		CA40A4ED2E5D3BC700CB4907 /* Resources */ = {
			isa = PBXResourcesBuildPhase;
			buildActionMask = 2147483647;
			files = (
			);
			runOnlyForDeploymentPostprocessing = 0;
		};
		CA40A4FC2E5D3BE000CB4907 /* Resources */ = {
			isa = PBXResourcesBuildPhase;
			buildActionMask = 2147483647;
			files = (
			);
			runOnlyForDeploymentPostprocessing = 0;
		};
		CA40A5092E5D3C0C00CB4907 /* Resources */ = {
			isa = PBXResourcesBuildPhase;
			buildActionMask = 2147483647;
			files = (
			);
			runOnlyForDeploymentPostprocessing = 0;
		};
		CA4496452E44323D00FE005D /* Resources */ = {
			isa = PBXResourcesBuildPhase;
			buildActionMask = 2147483647;
			files = (
			);
			runOnlyForDeploymentPostprocessing = 0;
		};
/* End PBXResourcesBuildPhase section */

/* Begin PBXSourcesBuildPhase section */
		CA40A4EB2E5D3BC700CB4907 /* Sources */ = {
			isa = PBXSourcesBuildPhase;
			buildActionMask = 2147483647;
			files = (
			);
			runOnlyForDeploymentPostprocessing = 0;
		};
		CA40A4FA2E5D3BE000CB4907 /* Sources */ = {
			isa = PBXSourcesBuildPhase;
			buildActionMask = 2147483647;
			files = (
			);
			runOnlyForDeploymentPostprocessing = 0;
		};
		CA40A5072E5D3C0C00CB4907 /* Sources */ = {
			isa = PBXSourcesBuildPhase;
			buildActionMask = 2147483647;
			files = (
			);
			runOnlyForDeploymentPostprocessing = 0;
		};
		CA4496432E44323D00FE005D /* Sources */ = {
			isa = PBXSourcesBuildPhase;
			buildActionMask = 2147483647;
			files = (
			);
			runOnlyForDeploymentPostprocessing = 0;
		};
/* End PBXSourcesBuildPhase section */

/* Begin PBXTargetDependency section */
		CA40A4F62E5D3BC700CB4907 /* PBXTargetDependency */ = {
			isa = PBXTargetDependency;
			target = CA4496462E44323D00FE005D /* MDI105-class1 */;
			targetProxy = CA40A4F52E5D3BC700CB4907 /* PBXContainerItemProxy */;
		};
		CA40A5032E5D3BE000CB4907 /* PBXTargetDependency */ = {
			isa = PBXTargetDependency;
			target = CA4496462E44323D00FE005D /* MDI105-class1 */;
			targetProxy = CA40A5022E5D3BE000CB4907 /* PBXContainerItemProxy */;
		};
		CA40A5102E5D3C0C00CB4907 /* PBXTargetDependency */ = {
			isa = PBXTargetDependency;
			target = CA4496462E44323D00FE005D /* MDI105-class1 */;
			targetProxy = CA40A50F2E5D3C0C00CB4907 /* PBXContainerItemProxy */;
		};
/* End PBXTargetDependency section */

/* Begin XCBuildConfiguration section */
		CA40A4F72E5D3BC700CB4907 /* Debug */ = {
			isa = XCBuildConfiguration;
			buildSettings = {
				CODE_SIGN_STYLE = Automatic;
				CURRENT_PROJECT_VERSION = 1;
				GENERATE_INFOPLIST_FILE = YES;
				MARKETING_VERSION = 1.0;
				PRODUCT_BUNDLE_IDENTIFIER = "bwb.MDI105-class1UITests";
				PRODUCT_NAME = "$(TARGET_NAME)";
				SWIFT_EMIT_LOC_STRINGS = NO;
				SWIFT_VERSION = 5.0;
				TARGETED_DEVICE_FAMILY = "1,2";
				TEST_TARGET_NAME = "MDI105-class1";
			};
			name = Debug;
		};
		CA40A4F82E5D3BC700CB4907 /* Release */ = {
			isa = XCBuildConfiguration;
			buildSettings = {
				CODE_SIGN_STYLE = Automatic;
				CURRENT_PROJECT_VERSION = 1;
				GENERATE_INFOPLIST_FILE = YES;
				MARKETING_VERSION = 1.0;
				PRODUCT_BUNDLE_IDENTIFIER = "bwb.MDI105-class1UITests";
				PRODUCT_NAME = "$(TARGET_NAME)";
				SWIFT_EMIT_LOC_STRINGS = NO;
				SWIFT_VERSION = 5.0;
				TARGETED_DEVICE_FAMILY = "1,2";
				TEST_TARGET_NAME = "MDI105-class1";
			};
			name = Release;
		};
		CA40A5052E5D3BE000CB4907 /* Debug */ = {
			isa = XCBuildConfiguration;
			buildSettings = {
				BUNDLE_LOADER = "$(TEST_HOST)";
				CODE_SIGN_STYLE = Automatic;
				CURRENT_PROJECT_VERSION = 1;
				GENERATE_INFOPLIST_FILE = YES;
				MARKETING_VERSION = 1.0;
				PRODUCT_BUNDLE_IDENTIFIER = "bwb.MDI105-class1UnitTests";
				PRODUCT_NAME = "$(TARGET_NAME)";
				SWIFT_EMIT_LOC_STRINGS = NO;
				SWIFT_VERSION = 5.0;
				TARGETED_DEVICE_FAMILY = "1,2";
				TEST_HOST = "$(BUILT_PRODUCTS_DIR)/MDI105-class1.app/$(BUNDLE_EXECUTABLE_FOLDER_PATH)/MDI105-class1";
			};
			name = Debug;
		};
		CA40A5062E5D3BE000CB4907 /* Release */ = {
			isa = XCBuildConfiguration;
			buildSettings = {
				BUNDLE_LOADER = "$(TEST_HOST)";
				CODE_SIGN_STYLE = Automatic;
				CURRENT_PROJECT_VERSION = 1;
				GENERATE_INFOPLIST_FILE = YES;
				MARKETING_VERSION = 1.0;
				PRODUCT_BUNDLE_IDENTIFIER = "bwb.MDI105-class1UnitTests";
				PRODUCT_NAME = "$(TARGET_NAME)";
				SWIFT_EMIT_LOC_STRINGS = NO;
				SWIFT_VERSION = 5.0;
				TARGETED_DEVICE_FAMILY = "1,2";
				TEST_HOST = "$(BUILT_PRODUCTS_DIR)/MDI105-class1.app/$(BUNDLE_EXECUTABLE_FOLDER_PATH)/MDI105-class1";
			};
			name = Release;
		};
		CA40A5122E5D3C0C00CB4907 /* Debug */ = {
			isa = XCBuildConfiguration;
			buildSettings = {
				BUNDLE_LOADER = "$(TEST_HOST)";
				CODE_SIGN_STYLE = Automatic;
				CURRENT_PROJECT_VERSION = 1;
				GENERATE_INFOPLIST_FILE = YES;
				MARKETING_VERSION = 1.0;
				PRODUCT_BUNDLE_IDENTIFIER = "bwb.MDI105-class1UnitTestingBundle";
				PRODUCT_NAME = "$(TARGET_NAME)";
				SWIFT_EMIT_LOC_STRINGS = NO;
				SWIFT_VERSION = 5.0;
				TARGETED_DEVICE_FAMILY = "1,2";
				TEST_HOST = "$(BUILT_PRODUCTS_DIR)/MDI105-class1.app/$(BUNDLE_EXECUTABLE_FOLDER_PATH)/MDI105-class1";
			};
			name = Debug;
		};
		CA40A5132E5D3C0C00CB4907 /* Release */ = {
			isa = XCBuildConfiguration;
			buildSettings = {
				BUNDLE_LOADER = "$(TEST_HOST)";
				CODE_SIGN_STYLE = Automatic;
				CURRENT_PROJECT_VERSION = 1;
				GENERATE_INFOPLIST_FILE = YES;
				MARKETING_VERSION = 1.0;
				PRODUCT_BUNDLE_IDENTIFIER = "bwb.MDI105-class1UnitTestingBundle";
				PRODUCT_NAME = "$(TARGET_NAME)";
				SWIFT_EMIT_LOC_STRINGS = NO;
				SWIFT_VERSION = 5.0;
				TARGETED_DEVICE_FAMILY = "1,2";
				TEST_HOST = "$(BUILT_PRODUCTS_DIR)/MDI105-class1.app/$(BUNDLE_EXECUTABLE_FOLDER_PATH)/MDI105-class1";
			};
			name = Release;
		};
		CA4496502E44323E00FE005D /* Debug */ = {
			isa = XCBuildConfiguration;
			buildSettings = {
				ALWAYS_SEARCH_USER_PATHS = NO;
				ASSETCATALOG_COMPILER_GENERATE_SWIFT_ASSET_SYMBOL_EXTENSIONS = YES;
				CLANG_ANALYZER_NONNULL = YES;
				CLANG_ANALYZER_NUMBER_OBJECT_CONVERSION = YES_AGGRESSIVE;
				CLANG_CXX_LANGUAGE_STANDARD = "gnu++20";
				CLANG_ENABLE_MODULES = YES;
				CLANG_ENABLE_OBJC_ARC = YES;
				CLANG_ENABLE_OBJC_WEAK = YES;
				CLANG_WARN_BLOCK_CAPTURE_AUTORELEASING = YES;
				CLANG_WARN_BOOL_CONVERSION = YES;
				CLANG_WARN_COMMA = YES;
				CLANG_WARN_CONSTANT_CONVERSION = YES;
				CLANG_WARN_DEPRECATED_OBJC_IMPLEMENTATIONS = YES;
				CLANG_WARN_DIRECT_OBJC_ISA_USAGE = YES_ERROR;
				CLANG_WARN_DOCUMENTATION_COMMENTS = YES;
				CLANG_WARN_EMPTY_BODY = YES;
				CLANG_WARN_ENUM_CONVERSION = YES;
				CLANG_WARN_INFINITE_RECURSION = YES;
				CLANG_WARN_INT_CONVERSION = YES;
				CLANG_WARN_NON_LITERAL_NULL_CONVERSION = YES;
				CLANG_WARN_OBJC_IMPLICIT_RETAIN_SELF = YES;
				CLANG_WARN_OBJC_LITERAL_CONVERSION = YES;
				CLANG_WARN_OBJC_ROOT_CLASS = YES_ERROR;
				CLANG_WARN_QUOTED_INCLUDE_IN_FRAMEWORK_HEADER = YES;
				CLANG_WARN_RANGE_LOOP_ANALYSIS = YES;
				CLANG_WARN_STRICT_PROTOTYPES = YES;
				CLANG_WARN_SUSPICIOUS_MOVE = YES;
				CLANG_WARN_UNGUARDED_AVAILABILITY = YES_AGGRESSIVE;
				CLANG_WARN_UNREACHABLE_CODE = YES;
				CLANG_WARN__DUPLICATE_METHOD_MATCH = YES;
				COPY_PHASE_STRIP = NO;
				DEBUG_INFORMATION_FORMAT = dwarf;
				ENABLE_STRICT_OBJC_MSGSEND = YES;
				ENABLE_TESTABILITY = YES;
				ENABLE_USER_SCRIPT_SANDBOXING = YES;
				GCC_C_LANGUAGE_STANDARD = gnu17;
				GCC_DYNAMIC_NO_PIC = NO;
				GCC_NO_COMMON_BLOCKS = YES;
				GCC_OPTIMIZATION_LEVEL = 0;
				GCC_PREPROCESSOR_DEFINITIONS = (
					"DEBUG=1",
					"$(inherited)",
				);
				GCC_WARN_64_TO_32_BIT_CONVERSION = YES;
				GCC_WARN_ABOUT_RETURN_TYPE = YES_ERROR;
				GCC_WARN_UNDECLARED_SELECTOR = YES;
				GCC_WARN_UNINITIALIZED_AUTOS = YES_AGGRESSIVE;
				GCC_WARN_UNUSED_FUNCTION = YES;
				GCC_WARN_UNUSED_VARIABLE = YES;
				IPHONEOS_DEPLOYMENT_TARGET = 18.5;
				LOCALIZATION_PREFERS_STRING_CATALOGS = YES;
				MTL_ENABLE_DEBUG_INFO = INCLUDE_SOURCE;
				MTL_FAST_MATH = YES;
				ONLY_ACTIVE_ARCH = YES;
				SDKROOT = iphoneos;
				SWIFT_ACTIVE_COMPILATION_CONDITIONS = "DEBUG $(inherited)";
				SWIFT_OPTIMIZATION_LEVEL = "-Onone";
			};
			name = Debug;
		};
		CA4496512E44323E00FE005D /* Release */ = {
			isa = XCBuildConfiguration;
			buildSettings = {
				ALWAYS_SEARCH_USER_PATHS = NO;
				ASSETCATALOG_COMPILER_GENERATE_SWIFT_ASSET_SYMBOL_EXTENSIONS = YES;
				CLANG_ANALYZER_NONNULL = YES;
				CLANG_ANALYZER_NUMBER_OBJECT_CONVERSION = YES_AGGRESSIVE;
				CLANG_CXX_LANGUAGE_STANDARD = "gnu++20";
				CLANG_ENABLE_MODULES = YES;
				CLANG_ENABLE_OBJC_ARC = YES;
				CLANG_ENABLE_OBJC_WEAK = YES;
				CLANG_WARN_BLOCK_CAPTURE_AUTORELEASING = YES;
				CLANG_WARN_BOOL_CONVERSION = YES;
				CLANG_WARN_COMMA = YES;
				CLANG_WARN_CONSTANT_CONVERSION = YES;
				CLANG_WARN_DEPRECATED_OBJC_IMPLEMENTATIONS = YES;
				CLANG_WARN_DIRECT_OBJC_ISA_USAGE = YES_ERROR;
				CLANG_WARN_DOCUMENTATION_COMMENTS = YES;
				CLANG_WARN_EMPTY_BODY = YES;
				CLANG_WARN_ENUM_CONVERSION = YES;
				CLANG_WARN_INFINITE_RECURSION = YES;
				CLANG_WARN_INT_CONVERSION = YES;
				CLANG_WARN_NON_LITERAL_NULL_CONVERSION = YES;
				CLANG_WARN_OBJC_IMPLICIT_RETAIN_SELF = YES;
				CLANG_WARN_OBJC_LITERAL_CONVERSION = YES;
				CLANG_WARN_OBJC_ROOT_CLASS = YES_ERROR;
				CLANG_WARN_QUOTED_INCLUDE_IN_FRAMEWORK_HEADER = YES;
				CLANG_WARN_RANGE_LOOP_ANALYSIS = YES;
				CLANG_WARN_STRICT_PROTOTYPES = YES;
				CLANG_WARN_SUSPICIOUS_MOVE = YES;
				CLANG_WARN_UNGUARDED_AVAILABILITY = YES_AGGRESSIVE;
				CLANG_WARN_UNREACHABLE_CODE = YES;
				CLANG_WARN__DUPLICATE_METHOD_MATCH = YES;
				COPY_PHASE_STRIP = NO;
				DEBUG_INFORMATION_FORMAT = "dwarf-with-dsym";
				ENABLE_NS_ASSERTIONS = NO;
				ENABLE_STRICT_OBJC_MSGSEND = YES;
				ENABLE_USER_SCRIPT_SANDBOXING = YES;
				GCC_C_LANGUAGE_STANDARD = gnu17;
				GCC_NO_COMMON_BLOCKS = YES;
				GCC_WARN_64_TO_32_BIT_CONVERSION = YES;
				GCC_WARN_ABOUT_RETURN_TYPE = YES_ERROR;
				GCC_WARN_UNDECLARED_SELECTOR = YES;
				GCC_WARN_UNINITIALIZED_AUTOS = YES_AGGRESSIVE;
				GCC_WARN_UNUSED_FUNCTION = YES;
				GCC_WARN_UNUSED_VARIABLE = YES;
				IPHONEOS_DEPLOYMENT_TARGET = 18.5;
				LOCALIZATION_PREFERS_STRING_CATALOGS = YES;
				MTL_ENABLE_DEBUG_INFO = NO;
				MTL_FAST_MATH = YES;
				SDKROOT = iphoneos;
				SWIFT_COMPILATION_MODE = wholemodule;
				VALIDATE_PRODUCT = YES;
			};
			name = Release;
		};
		CA4496532E44323E00FE005D /* Debug */ = {
			isa = XCBuildConfiguration;
			buildSettings = {
				ASSETCATALOG_COMPILER_APPICON_NAME = AppIcon;
				ASSETCATALOG_COMPILER_GLOBAL_ACCENT_COLOR_NAME = AccentColor;
				CODE_SIGN_STYLE = Automatic;
				CURRENT_PROJECT_VERSION = 1;
				ENABLE_PREVIEWS = YES;
				GENERATE_INFOPLIST_FILE = YES;
				INFOPLIST_KEY_UIApplicationSceneManifest_Generation = YES;
				INFOPLIST_KEY_UIApplicationSupportsIndirectInputEvents = YES;
				INFOPLIST_KEY_UILaunchScreen_Generation = YES;
				INFOPLIST_KEY_UISupportedInterfaceOrientations_iPad = "UIInterfaceOrientationPortrait UIInterfaceOrientationPortraitUpsideDown UIInterfaceOrientationLandscapeLeft UIInterfaceOrientationLandscapeRight";
				INFOPLIST_KEY_UISupportedInterfaceOrientations_iPhone = "UIInterfaceOrientationPortrait UIInterfaceOrientationLandscapeLeft UIInterfaceOrientationLandscapeRight";
				LD_RUNPATH_SEARCH_PATHS = (
					"$(inherited)",
					"@executable_path/Frameworks",
				);
				MARKETING_VERSION = 1.0;
				PRODUCT_BUNDLE_IDENTIFIER = "bwb.MDI105-class1";
				PRODUCT_NAME = "$(TARGET_NAME)";
				SWIFT_EMIT_LOC_STRINGS = YES;
				SWIFT_VERSION = 5.0;
				TARGETED_DEVICE_FAMILY = "1,2";
			};
			name = Debug;
		};
		CA4496542E44323E00FE005D /* Release */ = {
			isa = XCBuildConfiguration;
			buildSettings = {
				ASSETCATALOG_COMPILER_APPICON_NAME = AppIcon;
				ASSETCATALOG_COMPILER_GLOBAL_ACCENT_COLOR_NAME = AccentColor;
				CODE_SIGN_STYLE = Automatic;
				CURRENT_PROJECT_VERSION = 1;
				ENABLE_PREVIEWS = YES;
				GENERATE_INFOPLIST_FILE = YES;
				INFOPLIST_KEY_UIApplicationSceneManifest_Generation = YES;
				INFOPLIST_KEY_UIApplicationSupportsIndirectInputEvents = YES;
				INFOPLIST_KEY_UILaunchScreen_Generation = YES;
				INFOPLIST_KEY_UISupportedInterfaceOrientations_iPad = "UIInterfaceOrientationPortrait UIInterfaceOrientationPortraitUpsideDown UIInterfaceOrientationLandscapeLeft UIInterfaceOrientationLandscapeRight";
				INFOPLIST_KEY_UISupportedInterfaceOrientations_iPhone = "UIInterfaceOrientationPortrait UIInterfaceOrientationLandscapeLeft UIInterfaceOrientationLandscapeRight";
				LD_RUNPATH_SEARCH_PATHS = (
					"$(inherited)",
					"@executable_path/Frameworks",
				);
				MARKETING_VERSION = 1.0;
				PRODUCT_BUNDLE_IDENTIFIER = "bwb.MDI105-class1";
				PRODUCT_NAME = "$(TARGET_NAME)";
				SWIFT_EMIT_LOC_STRINGS = YES;
				SWIFT_VERSION = 5.0;
				TARGETED_DEVICE_FAMILY = "1,2";
			};
			name = Release;
		};
/* End XCBuildConfiguration section */

/* Begin XCConfigurationList section */
		CA40A4F92E5D3BC700CB4907 /* Build configuration list for PBXNativeTarget "MDI105-class1UITests" */ = {
			isa = XCConfigurationList;
			buildConfigurations = (
				CA40A4F72E5D3BC700CB4907 /* Debug */,
				CA40A4F82E5D3BC700CB4907 /* Release */,
			);
			defaultConfigurationIsVisible = 0;
			defaultConfigurationName = Release;
		};
		CA40A5042E5D3BE000CB4907 /* Build configuration list for PBXNativeTarget "MDI105-class1UnitTests" */ = {
			isa = XCConfigurationList;
			buildConfigurations = (
				CA40A5052E5D3BE000CB4907 /* Debug */,
				CA40A5062E5D3BE000CB4907 /* Release */,
			);
			defaultConfigurationIsVisible = 0;
			defaultConfigurationName = Release;
		};
		CA40A5112E5D3C0C00CB4907 /* Build configuration list for PBXNativeTarget "MDI105-class1UnitTestingBundle" */ = {
			isa = XCConfigurationList;
			buildConfigurations = (
				CA40A5122E5D3C0C00CB4907 /* Debug */,
				CA40A5132E5D3C0C00CB4907 /* Release */,
			);
			defaultConfigurationIsVisible = 0;
			defaultConfigurationName = Release;
		};
		CA4496422E44323D00FE005D /* Build configuration list for PBXProject "MDI105-class1" */ = {
			isa = XCConfigurationList;
			buildConfigurations = (
				CA4496502E44323E00FE005D /* Debug */,
				CA4496512E44323E00FE005D /* Release */,
			);
			defaultConfigurationIsVisible = 0;
			defaultConfigurationName = Release;
		};
		CA4496522E44323E00FE005D /* Build configuration list for PBXNativeTarget "MDI105-class1" */ = {
			isa = XCConfigurationList;
			buildConfigurations = (
				CA4496532E44323E00FE005D /* Debug */,
				CA4496542E44323E00FE005D /* Release */,
			);
			defaultConfigurationIsVisible = 0;
			defaultConfigurationName = Release;
		};
/* End XCConfigurationList section */
	};
	rootObject = CA44963F2E44323D00FE005D /* Project object */;
}
